github.com/docker/docker v0.0.0-20180531152204-71cd53e4a197 h1:raQhUHOMIAZAWHmo3hLEwoIy0aVkKb2uxZdWw/Up+HI=
github.com/docker/docker v0.0.0-20180531152204-71cd53e4a197/go.mod h1:eEKB0N0r5NX/I1kEveEz05bcu8tLC/8azJZsviup8Sk=
github.com/docker/go-connections v0.4.0 h1:El9xVISelRB7BuFusrZozjnkIM5YnzCViNKohAFqRJQ=
github.com/docker/go-connections v0.4.0/go.mod h1:Gbd7IOopHjR8Iph03tsViu4nIes5XhDvyHbTtUxmeec=
github.com/docker/go-units v0.3.3 h1:Xk8S3Xj5sLGlG5g67hJmYMmUgXv5N4PhkjJHHqrwnTk=
github.com/docker/go-units v0.3.3/go.mod h1:fgPhTUdO+D/Jk86RDLlptpiXQzgHJF7gydDDbaIK4Dk=
github.com/moby/buildkit v0.0.0-20181118192738-594f95bc1d15 h1:FdIuRUCyOCAnDxNes3N/ZEMV8LTe8/BFv4dILyr8CK0=
github.com/moby/buildkit v0.0.0-20181118192738-594f95bc1d15/go.mod h1:nnELdKPRkUAQR6pAB3mRU3+IlbqL3SSaAWqQL8k/K+4=
github.com/pkg/errors v0.8.0 h1:WdK/asTD0HN+q6hsWO3/vpuAkAr+tw6aNJNDFFf0+qw=
github.com/pkg/errors v0.8.0/go.mod h1:bwawxfHBFNV+L2hUp1rHADufV3IMtnDRdf1r5NINEl0=
