# This file is autogenerated, do not edit; changes may be undone by the next 'dep ensure'.


[[projects]]
  digest = "1:273e49f787dc9dde3738f358295ce9fc4c75158794a1daeed12109c4724a6ed5"
  name = "github.com/docker/docker"
  packages = [
    "api/types/blkiodev",
    "api/types/container",
    "api/types/mount",
    "api/types/strslice",
  ]
  pruneopts = "UT"
  revision = "71cd53e4a197b303c6ba086bd584ffd67a884281"

[[projects]]
  digest = "1:ade935c55cd6d0367c843b109b09c9d748b1982952031414740750fdf94747eb"
  name = "github.com/docker/go-connections"
  packages = ["nat"]
  pruneopts = "UT"
  revision = "7395e3f8aa162843a74ed6d48e79627d9792ac55"
  version = "v0.4.0"

[[projects]]
  digest = "1:6f82cacd0af5921e99bf3f46748705239b36489464f4529a1589bc895764fb18"
  name = "github.com/docker/go-units"
  packages = ["."]
  pruneopts = "UT"
  revision = "47565b4f722fb6ceae66b95f853feed578a4a51c"
  version = "v0.3.3"

[[projects]]
  branch = "master"
  digest = "1:853848ba06ce5946098efe0774e5855cf2a012c120507eb341fab182a6bf68d9"
  name = "github.com/moby/buildkit"
  packages = [
    "frontend/dockerfile/command",
    "frontend/dockerfile/instructions",
    "frontend/dockerfile/parser",
  ]
  pruneopts = "UT"
  revision = "7e98ece83d11e4a5eeeedb212a945c0de5756379"

[[projects]]
  digest = "1:40e195917a951a8bf867cd05de2a46aaf1806c50cf92eebf4c16f78cd196f747"
  name = "github.com/pkg/errors"
  packages = ["."]
  pruneopts = "UT"
  revision = "645ef00459ed84a119197bfb8d8205042c6df63d"
  version = "v0.8.0"

[solve-meta]
  analyzer-name = "dep"
  analyzer-version = 1
  input-imports = [
    "github.com/moby/buildkit/frontend/dockerfile/instructions",
    "github.com/moby/buildkit/frontend/dockerfile/parser",
  ]
  solver-name = "gps-cdcl"
  solver-version = 1
